
Microsoft Visual Studio Solution File, Format Version 12.00
# Visual Studio Version 17
VisualStudioVersion = 17.14.36908.2 d17.14
MinimumVisualStudioVersion = 10.0.40219.1
Project("{FAE04EC0-301F-11D3-BF4B-00C04F79EFBC}") = "AdminProgramLessons", "AdminProgramLessons.csproj", "{1094BCC1-331F-4AF0-B889-B456EF661027}"
EndProject
Global
	GlobalSection(SolutionConfigurationPlatforms) = preSolution
		Debug|Any CPU = Debug|Any CPU
		Release|Any CPU = Release|Any CPU
	EndGlobalSection
	GlobalSection(ProjectConfigurationPlatforms) = postSolution
		{1094BCC1-331F-4AF0-B889-B456EF661027}.Debug|Any CPU.ActiveCfg = Debug|Any CPU
		{1094BCC1-331F-4AF0-B889-B456EF661027}.Debug|Any CPU.Build.0 = Debug|Any CPU
		{1094BCC1-331F-4AF0-B889-B456EF661027}.Release|Any CPU.ActiveCfg = Release|Any CPU
		{1094BCC1-331F-4AF0-B889-B456EF661027}.Release|Any CPU.Build.0 = Release|Any CPU
	EndGlobalSection
	GlobalSection(SolutionProperties) = preSolution
		HideSolutionNode = FALSE
	EndGlobalSection
	GlobalSection(ExtensibilityGlobals) = postSolution
		SolutionGuid = {251A45C8-6B80-4ACB-AB5C-8A4FC2AC8481}
	EndGlobalSection
EndGlobal
